
Microsoft Visual Studio Solution File, Format Version 12.00
# Visual Studio 14
VisualStudioVersion = 14.0.25420.1
MinimumVisualStudioVersion = 10.0.40219.1
Project("{FAE04EC0-301F-11D3-BF4B-00C04F79EFBC}") = "AppAutoUpdater2015", "AppAutoUpdater2015\AppAutoUpdater2015.csproj", "{C1E94380-A9BC-479F-817A-3205C5254349}"
EndProject
Project("{FAE04EC0-301F-11D3-BF4B-00C04F79EFBC}") = "AppAutoUpdate", "AppAutoUpdate\AppAutoUpdate.csproj", "{67C16D7C-8D88-4D91-94C8-BF4B8FB8751D}"
EndProject
Project("{FAE04EC0-301F-11D3-BF4B-00C04F79EFBC}") = "AppAutoUpdateTests", "AppAutoUpdateTests\AppAutoUpdateTests.csproj", "{35581685-065E-4D83-BF30-6E5B7052D335}"
EndProject
Global
	GlobalSection(SolutionConfigurationPlatforms) = preSolution
		Debug|Any CPU = Debug|Any CPU
		Release|Any CPU = Release|Any CPU
	EndGlobalSection
	GlobalSection(ProjectConfigurationPlatforms) = postSolution
		{C1E94380-A9BC-479F-817A-3205C5254349}.Debug|Any CPU.ActiveCfg = Debug|Any CPU
		{C1E94380-A9BC-479F-817A-3205C5254349}.Debug|Any CPU.Build.0 = Debug|Any CPU
		{C1E94380-A9BC-479F-817A-3205C5254349}.Release|Any CPU.ActiveCfg = Release|Any CPU
		{C1E94380-A9BC-479F-817A-3205C5254349}.Release|Any CPU.Build.0 = Release|Any CPU
		{67C16D7C-8D88-4D91-94C8-BF4B8FB8751D}.Debug|Any CPU.ActiveCfg = Debug|Any CPU
		{67C16D7C-8D88-4D91-94C8-BF4B8FB8751D}.Debug|Any CPU.Build.0 = Debug|Any CPU
		{67C16D7C-8D88-4D91-94C8-BF4B8FB8751D}.Release|Any CPU.ActiveCfg = Release|Any CPU
		{67C16D7C-8D88-4D91-94C8-BF4B8FB8751D}.Release|Any CPU.Build.0 = Release|Any CPU
		{35581685-065E-4D83-BF30-6E5B7052D335}.Debug|Any CPU.ActiveCfg = Debug|Any CPU
		{35581685-065E-4D83-BF30-6E5B7052D335}.Debug|Any CPU.Build.0 = Debug|Any CPU
		{35581685-065E-4D83-BF30-6E5B7052D335}.Release|Any CPU.ActiveCfg = Release|Any CPU
		{35581685-065E-4D83-BF30-6E5B7052D335}.Release|Any CPU.Build.0 = Release|Any CPU
	EndGlobalSection
	GlobalSection(SolutionProperties) = preSolution
		HideSolutionNode = FALSE
	EndGlobalSection
EndGlobal
